{
    "_meta": {
        "hash": {
            "sha256": "ab7783114bfd80d0c5a0dae4027607e72d5216d28c31be378e6fe324c7e8fe61"
        },
        "host-environment-markers": {
            "implementation_name": "cpython",
            "implementation_version": "3.6.2",
            "os_name": "posix",
            "platform_machine": "x86_64",
            "platform_python_implementation": "CPython",
            "platform_release": "16.7.0",
            "platform_system": "Darwin",
            "platform_version": "Darwin Kernel Version 16.7.0: Mon Nov 13 21:56:25 PST 2017; root:xnu-3789.72.11~1/RELEASE_X86_64",
            "python_full_version": "3.6.2",
            "python_version": "3.6",
            "sys_platform": "darwin"
        },
        "pipfile-spec": 6,
        "requires": {},
        "sources": [
            {
                "name": "pypi",
                "url": "https://pypi.python.org/simple",
                "verify_ssl": true
            }
        ]
    },
    "default": {
        "alabaster": {
            "hashes": [
                "sha256:2eef172f44e8d301d25aff8068fddd65f767a3f04b5f15b0f4922f113aa1c732",
                "sha256:37cdcb9e9954ed60912ebc1ca12a9d12178c26637abdf124e3cde2341c257fe0"
            ],
            "version": "==0.7.10"
        },
        "appnope": {
            "hashes": [
                "sha256:5b26757dc6f79a3b7dc9fab95359328d5747fcb2409d331ea66d0272b90ab2a0",
                "sha256:8b995ffe925347a2138d7ac0fe77155e4311a0ea6d6da4f5128fe4b3cbe5ed71"
            ],
            "markers": "sys_platform == 'darwin'",
            "version": "==0.1.0"
        },
        "attrs": {
            "hashes": [
                "sha256:a17a9573a6f475c99b551c0e0a812707ddda1ec9653bed04c13841404ed6f450",
                "sha256:1c7960ccfd6a005cd9f7ba884e6316b5e430a3f1a6c37c5f87d8b43f83b54ec9"
            ],
            "version": "==17.4.0"
        },
        "babel": {
            "hashes": [
                "sha256:ad209a68d7162c4cff4b29cdebe3dec4cef75492df501b0049a9433c96ce6f80",
                "sha256:8ce4cb6fdd4393edd323227cba3a077bceb2a6ce5201c902c65e730046f41f14"
            ],
            "version": "==2.5.3"
        },
        "certifi": {
            "hashes": [
                "sha256:14131608ad2fd56836d33a71ee60fa1c82bc9d2c8d98b7bdbc631fe1b3cd1296",
                "sha256:edbc3f203427eef571f79a7692bb160a2b0f7ccaa31953e99bd17e307cf63f7d"
            ],
            "version": "==2018.1.18"
        },
        "chardet": {
            "hashes": [
                "sha256:fc323ffcaeaed0e0a02bf4d117757b98aed530d9ed4531e3e15460124c106691",
                "sha256:84ab92ed1c4d4f16916e05906b6b75a6c0fb5db821cc65e70cbd64a3e2a5eaae"
            ],
            "version": "==3.0.4"
        },
        "click": {
            "hashes": [
                "sha256:29f99fc6125fbc931b758dc053b3114e55c77a6e4c6c3a2674a2dc986016381d",
                "sha256:f15516df478d5a56180fbf80e68f206010e6d160fc39fa508b65e035fd75130b"
            ],
            "version": "==6.7"
        },
        "cycler": {
            "hashes": [
                "sha256:1d8a5ae1ff6c5cf9b93e8811e581232ad8920aeec647c37316ceac982b08cb2d",
                "sha256:cd7b2d1018258d7247a71425e9f26463dfb444d411c39569972f4ce586b0c9d8"
            ],
            "version": "==0.10.0"
        },
        "cython": {
            "hashes": [
                "sha256:35696be120cf3c8505a461cf9ac7792fc92c938f9e92526a8b1bb581f802c920",
                "sha256:cad1cef5ea2bcd43d0391af921715150e84fb6122f322dde2f5faea68f6fdb13",
                "sha256:5b9f283ca14b4d572d87f741b3c67a2d922d28e03d8bc692d700cfe4c7b94270",
                "sha256:a1370f5c245980c61e815a073d5117ae56b1f56a83c473e2d49cdafec569581f",
                "sha256:732f04055108a70571a2f5336dc2d07cd7ee8c63cc18777200604e7a0a9bb223",
                "sha256:d622bade45e1807f6149fee559e65a24b2ae54ab9d8ebfba2b546eec78a771de",
                "sha256:fb0ea686f6e39bac3b070e43b2fda4cd47b08e6539390f3953b2c40117c40766",
                "sha256:b654751d6e87de3dcea998a2afb438402a8e1bf4d60df91f163e2c086096b388",
                "sha256:bbce622d2d0cacd810ee275db149950b7c4530eec0c4acfa8cf211079138b92d",
                "sha256:dd889b21a275a516383c3bc4d65c7ba2bacee592a5478bd1b20421f2ec9702eb",
                "sha256:96392fb9c6d69efd689fc62df5eb06a7efe8ef6c432b316d2cec4054710c13b5",
                "sha256:02540b24230fa8111ac5b2602ee61d4341adbe25d8b5a4ba8becf675c2253a36",
                "sha256:086c082b77565382e1c67e864c0c4832d49dc38bdf551f69c789cbcec9b1d190",
                "sha256:24078813387ce0613f8e1cb9f44e07a2abacb0ca2ec697886cb020c7628f6107",
                "sha256:bb3f13351f13ee0fd920319589c14e3e1b8a8188c1ceeec780f9b77f6f627e7b",
                "sha256:995409aa518e87fd63098a6c2f437fa8483bd1be1485bb76446622663b071a3b",
                "sha256:667f7f6da9951d3ab2ac5c50ee686bec42307f0d004483a981efc813caf76481",
                "sha256:c0fa07a0e1b33eb0d7ad4df5e9658367a40a4af0915ad652a7c7774368fbcca1",
                "sha256:44b94943552074b1644b9727395c06b6efbaf562083a9e2bd89c6a41d0df8159",
                "sha256:047acc6712ee6fd97d661e9a804befe1307156d7595501bd1aeaaa882c01e8a9",
                "sha256:d8de4ccc93a660adbeaacaa10a544072bc840a48a16680ece472c3d9c70989ce",
                "sha256:678f18c41248510e0ea924bc467b9586ec19726c01dd44f69086ab61c3406191",
                "sha256:ee7ccfcb3f46d6f8cea1eb6819c7d82c34e0f5bd8dda7c4413ccbbbb575565bb",
                "sha256:02414e1cae1882d48e8fa9cdefb6e7bd3dd200a5dc5120a3905df164d23e7894",
                "sha256:ac0b06430117241e59d07a3b965cbbdc62ac7315f5f6c3b9826740f80cf6ecd6",
                "sha256:7abe6b8c7435f26ce022419d4a5bd5e81a9a31cc32d984939bb808709ecad528",
                "sha256:5c0bdd626e3e30656059383a0c2ee4150985ffe888c5951f2381f1120e281cd6",
                "sha256:fee8d2fefbccd2029812a344e03fdd028bdf9147e4a0cb117ad2d1db14e46e11",
                "sha256:20c73f0af4df69948aff13183163613855a12973c66ddbeed83b079b73d83ea1",
                "sha256:518f7e22da54109661e483a91a63045203caf9fd78da4a69185a7622f759965f"
            ],
            "version": "==0.28"
        },
        "decorator": {
            "hashes": [
                "sha256:94d1d8905f5010d74bbbd86c30471255661a14187c45f8d7f3e5aa8540fdb2e5",
                "sha256:7d46dd9f3ea1cf5f06ee0e4e1277ae618cf48dfb10ada7c8427cd46c42702a0e"
            ],
            "version": "==4.2.1"
        },
        "delphi": {
            "hashes": [
                "sha256:ec41c47b4911f7cba68a9115ca87f51a4fbb4237660862c25eb7b73164d46d41",
                "sha256:a93a406b95121d2e92cb9819b2935afffc90573dd2b69d1c02a79c90c355bfb7"
            ],
            "version": "==0.1"
        },
        "docopt": {
            "hashes": [
                "sha256:49b3a825280bd66b3aa83585ef59c4a8c82f2c8a522dbe754a8bc8d08c85c491"
            ],
            "version": "==0.6.2"
        },
        "docutils": {
            "hashes": [
                "sha256:7a4bd47eaf6596e1295ecb11361139febe29b084a87bf005bf899f9a42edc3c6",
                "sha256:02aec4bd92ab067f6ff27a38a38a41173bf01bed8f89157768c1573f53e474a6",
                "sha256:51e64ef2ebfb29cae1faa133b3710143496eca21c530f3f71424d77687764274"
            ],
            "version": "==0.14"
        },
        "flask": {
            "hashes": [
                "sha256:0749df235e3ff61ac108f69ac178c9770caeaccad2509cb762ce1f65570a8856",
                "sha256:49f44461237b69ecd901cc7ce66feea0319b9158743dd27a2899962ab214dac1"
            ],
            "version": "==0.12.2"
        },
        "future": {
            "hashes": [
                "sha256:e39ced1ab767b5936646cedba8bcce582398233d6a627067d4c6a454c90cfedb"
            ],
            "version": "==0.16.0"
        },
        "idna": {
            "hashes": [
                "sha256:8c7309c718f94b3a625cb648ace320157ad16ff131ae0af362c9f21b80ef6ec4",
                "sha256:2c6a5de3089009e3da7c5dde64a141dbc8551d5b7f6cf4ed7c2568d0cc520a8f"
            ],
            "version": "==2.6"
        },
        "imagesize": {
            "hashes": [
                "sha256:3620cc0cadba3f7475f9940d22431fc4d407269f1be59ec9b8edcca26440cf18",
                "sha256:5b326e4678b6925158ccc66a9fa3122b6106d7c876ee32d7de6ce59385b96315"
            ],
            "version": "==1.0.0"
        },
        "indra": {
            "hashes": [
                "sha256:a79572ee5751f6463014970099f0a246553f1ad7902e380e92474bebffaf987e"
            ],
            "version": "==1.5.0"
        },
        "ipython": {
            "hashes": [
                "sha256:fcc6d46f08c3c4de7b15ae1c426e15be1b7932bcda9d83ce1a4304e8c1129df3",
                "sha256:51c158a6c8b899898d1c91c6b51a34110196815cc905f9be0fa5878e19355608"
            ],
            "version": "==6.2.1"
        },
        "ipython-genutils": {
            "hashes": [
                "sha256:72dd37233799e619666c9f639a9da83c34013a73e8bbc79a7a6348d93c61fab8",
                "sha256:eb2e116e75ecef9d4d228fdc66af54269afa26ab4463042e33785b887c628ba8"
            ],
            "version": "==0.2.0"
        },
        "isodate": {
            "hashes": [
                "sha256:aa4d33c06640f5352aca96e4b81afd8ab3b47337cc12089822d6f322ac772c81",
                "sha256:2e364a3d5759479cdb2d37cce6b9376ea504db2ff90252a2e5b7cc89cc9ff2d8"
            ],
            "version": "==0.6.0"
        },
        "itsdangerous": {
            "hashes": [
                "sha256:cbb3fcf8d3e33df861709ecaf89d9e6629cff0a217bc2848f1b41cd30d360519"
            ],
            "version": "==0.24"
        },
        "jedi": {
            "hashes": [
                "sha256:d795f2c2e659f5ea39a839e5230d70a0b045d0daee7ca2403568d8f348d0ad89",
                "sha256:d6e799d04d1ade9459ed0f20de47c32f2285438956a677d083d3c98def59fa97"
            ],
            "version": "==0.11.1"
        },
        "jinja2": {
            "hashes": [
                "sha256:74c935a1b8bb9a3947c50a54766a969d4846290e1e788ea44c1392163723c3bd",
                "sha256:f84be1bb0040caca4cea721fcbbbbd61f9be9464ca236387158b0feea01914a4"
            ],
            "version": "==2.10"
        },
        "jnius-indra": {
            "hashes": [
                "sha256:5e2cfaa7c0d08ab4715cf9e775bb82a84253287d5769287acae13d6b4a53a341"
            ],
            "version": "==1.1.dev5"
        },
        "kiwisolver": {
            "hashes": [
                "sha256:8b6a7b596ce1d2a6d93c3562f1178ebd3b7bb445b3b0dd33b09f9255e312a965",
                "sha256:1a078f5dd7e99317098f0e0d490257fd0349d79363e8c923d5bb76428f318421",
                "sha256:e0f910f84b35c36a3513b96d816e6442ae138862257ae18a0019d2fc67b041dc",
                "sha256:aaec1cfd94f4f3e9a25e144d5b0ed1eb8a9596ec36d7318a504d813412563a85",
                "sha256:f923406e6b32c86309261b8195e24e18b6a8801df0cfc7814ac44017bfcb3939",
                "sha256:4329008a167fac233e398e8a600d1b91539dc33c5a3eadee84c0d4b04d4494fa",
                "sha256:3b791ddf2aefc56382aadc26ea5b352e86a2921e4e85c31c1f770f527eb06ce4",
                "sha256:379d97783ba8d2934d52221c833407f20ca287b36d949b4bba6c75274bcf6363",
                "sha256:1aa0b55a0eb1bd3fa82e704f44fb8f16e26702af1a073cc5030eea399e617b56",
                "sha256:ea36e19ac0a483eea239320aef0bd40702404ff8c7e42179a2d9d36c5afcb55c",
                "sha256:0f7f532f3c94e99545a29f4c3f05637f4d2713e7fd91b4dd8abfc18340b86cd5",
                "sha256:2874060b91e131ceeff00574b7c2140749c9355817a4ed498e82a4ffa308ecbc",
                "sha256:95a25d9f3449046ecbe9065be8f8380c03c56081bc5d41fe0fb964aaa30b2195",
                "sha256:79e5fe3ccd5144ae80777e12973027bd2f4f5e3ae8eb286cabe787bed9780138",
                "sha256:9576cb63897fbfa69df60f994082c3f4b8e6adb49cccb60efb2a80a208e6f996",
                "sha256:0ee4ed8b3ae8f5f712b0aa9ebd2858b5b232f1b9a96b0943dceb34df2a223bc3",
                "sha256:66f82819ff47fa67a11540da96966fb9245504b7f496034f534b81cacf333861",
                "sha256:b1c240d565e977d80c0083404c01e4d59c5772c977fae2c483f100567f50847b",
                "sha256:53a5b27e6b5717bdc0125338a822605084054c80f382051fb945d2c0e6899a20",
                "sha256:acb673eecbae089ea3be3dcf75bfe45fc8d4dcdc951e27d8691887963cf421c7",
                "sha256:b15bc8d2c2848a4a7c04f76c9b3dc3561e95d4dabc6b4f24bfabe5fd81a0b14f",
                "sha256:45813e0873bbb679334a161b28cb9606d9665e70561fd6caa8863e279b5e464b",
                "sha256:ce3be5d520b4d2c3e5eeb4cd2ef62b9b9ab8ac6b6fedbaa0e39cdb6f50644278"
            ],
            "version": "==1.0.1"
        },
        "latexcodec": {
            "hashes": [
                "sha256:3abc5cdbe4b6344c04a62db98bf30a2f3bc8f5bb9040296aafa39c8eeb737523",
                "sha256:9607d9d260654eb607c54a8b8c991e4406008605c383ded4f4034522dc0bad7d"
            ],
            "version": "==1.0.5"
        },
        "lxml": {
            "hashes": [
                "sha256:62bfcd0629991e1c1257ffd28df2ab31a5c44da4c06823c26ec0f472723a84ca",
                "sha256:1d1e45584353e4d563685874707fc8c85cdd11b0ef3b79d77bb38046134d68a9",
                "sha256:29697224b2df76edf7c2de9bcd90a26dd28fe85c5fd7f0171cae84f8383b227e",
                "sha256:988d55112f196e12341b7c5138841c2b4f21f871eaa8f138c6ac4c46f28899f9",
                "sha256:57be98177ce784495dff53f40620995ad0a56456246ed9d51977e595de58e12e",
                "sha256:36ffb216e2f361a5a0a7e219aea6cd44da11c64061baed273944aae21223186c",
                "sha256:7769ac9203ebe6d8db16904c54d57d77360fcc1926ed7afaa86b04050e4afa5b",
                "sha256:4c21d7304d37715e6aed756e4d0c374c99c9bb1fa8d64f546b95474b17ac23de",
                "sha256:0aa44ffdeaaf6ba45d61980bb2c07e87d4dcac7a8b5b9d458124bc1adcda5233",
                "sha256:71ac6dac6835de75aaf531cae9ffa447dae0783ba1f43bf6eaccfad3680a5b9c",
                "sha256:2812bc45a7f53f366217b76a1c53e6728fbfa7f7524d16a321ea8f7131428bd1",
                "sha256:124a9d529eec5e10f307eb237df3efc43dd1fb7ebdb5da5e480c4ed372648b6b",
                "sha256:f04b184984c23e0caac3c55eac2fe2dbb88726a5a1b35e23715eff6f29a4705c",
                "sha256:d06260e6102b2f18dbee3736185cd6a2e1c88c0fad782bf8e9d7a7a1b24e02b0",
                "sha256:9e08918b744b89d30750eca8598f37ae75b16202870db678fde970d85afed3e3",
                "sha256:b46f31e806f6884bd1053ad1d78ecaca6d1bc5dd94a1b783a6ff0bb4b3a60962",
                "sha256:dd98d4f88ce0abda2b02c1542d1de22dd342023f3ba09874bd95841283f29433",
                "sha256:8f52c4c8f1cf15419193026e731f34a3260a3ce7977b875ba1eb2517b8a3f660",
                "sha256:95b82fdfdaac71640b281da6b9a2c3700177ba5190a786881b184de744ad55de",
                "sha256:cef79715f2335bfc1ef7082bcb8b2bac87271431653455221a9127fde146208c",
                "sha256:4626d699551f66687e5f7e7f9b79bfce611e12edebfb9fec276e2df8ec46541e",
                "sha256:cf63f590090404c52f179b7ceacb7cd549de3a1697bcfe2f79be180b2801d109",
                "sha256:7d96fbb5f23a62300aa9bef7d286cd61aca8902357619c8708c0290aba5df73f"
            ],
            "version": "==4.2.0"
        },
        "markupsafe": {
            "hashes": [
                "sha256:a6be69091dac236ea9c6bc7d012beab42010fa914c459791d627dad4910eb665"
            ],
            "version": "==1.0"
        },
        "matplotlib": {
            "hashes": [
                "sha256:3ca7a2c17b5c4c21177f764abca197ff9ac0ac68352e24718d05929c8592ed0d",
                "sha256:5837e3dd76d43aa2fe0a90c79f6c1d4d38c205550e8ae685bda176af62c86bbd",
                "sha256:08de895360bd5dc489514b395ff5da153931939145ae4608afb78799dc592dc0",
                "sha256:6cbe2b9cdb61fdea331e1e1feebeb1d03c49cb84af43957767e5471b99ddb822",
                "sha256:8917e89672b7668861f6db45561bd5fc1ecd240089ab0723e4ca96bd1e1f44ce",
                "sha256:d65879e7ddce62fc2e6339216a0c0273b3f0e4b2401f7edb512efcbd72d13e9b",
                "sha256:c7d2524971ba0b9da1b04a9054749f8654298573243db6eb762d7f58daece1b4",
                "sha256:504c3a891fcfdb48e94983c50a5b8b626f25000d407ea2d9ab9ed5691762fbe8",
                "sha256:fe816662169026f6d13063be05f7ccadb11d80e737351b778ceb3fa17ef23002",
                "sha256:f652a3f23ea347a57eb6743ba83cd91ac347bed08fb82acde0e015a9afacbbd9",
                "sha256:9819535c069d7207dd55f3992875e96a3ea6a787ddc37afea00cc95bba4125ee",
                "sha256:f6c0fd70adbe1e41d11b3665409566a512ee037268654e558d79f669a6dd183f",
                "sha256:8df8c75938193cda5a041762fcc96f47658a6125fae07dc0678502dba3b62f4c",
                "sha256:c33cf0f2a2064b3ae60f9fb806a1da5addaf6be66ec3d106794955e3888d8442",
                "sha256:da2ccf36a7f09d07b64b8bb708f1389f8493a5326a12ba959483b9530c64fd23",
                "sha256:b91ee711c7e6e4c43f106f223e9eac50e98f35153813f5fd70fd592be3616ade",
                "sha256:3947b26e4ba51276df41167614a0fde9fba43740c7999fbd2b5de34fd75119cc",
                "sha256:d744e56eb6742a4a3a9dbbb22c71bd0d6262543a2817fb35c9ed21ff4d06e4ce"
            ],
            "version": "==2.2.0"
        },
        "mpmath": {
            "hashes": [
                "sha256:04d14803b6875fe6d69e6dccea87d5ae5599802e4b1df7997bddd2024001050c"
            ],
            "version": "==1.0.0"
        },
        "mypy": {
            "hashes": [
                "sha256:884f18f3a40cfcf24cdd5860b84958cfb35e6563e439c5adc1503878df221dc3",
                "sha256:83d798f66323f2de6191d66d9ae5ab234e4ee5b400010e19c58d75d308049f25"
            ],
            "version": "==0.570"
        },
        "networkx": {
            "hashes": [
                "sha256:3fbc044a40bc847ae28b65850b759f3d6c697ee7ff459a02dc8f8bc4d849dc7e",
                "sha256:1b229b54fe9ccb009cee4de02a88552191497a542a7d5d34adab216b9f15c1ff",
                "sha256:38e6bd32c0a2ad26439489d9b51e2684c01f352b536aaabbe499a3ad8c89f52b",
                "sha256:0d0e70e10dfb47601cbb3425a00e03e2a2e97477be6f80638fef91d54dd1e4b8",
                "sha256:b3e0144d5fe6b7479b694e1b598a5545a38f3fc6f1e3c09173eb30f0c7a5770e"
            ],
            "version": "==1.11"
        },
        "numpy": {
            "hashes": [
                "sha256:719d914f564f35cce4dc103808f8297c807c9f0297ac183ed81ae8b5650e698e",
                "sha256:0f6a5ed0cd7ab1da11f5c07a8ecada73fc55a70ef7bb6311a4109891341d7277",
                "sha256:d0928076d9bd8a98de44e79b1abe50c1456e7abbb40af7ef58092086f1a6c729",
                "sha256:d858423f5ed444d494b15c4cc90a206e1b8c31354c781ac7584da0d21c09c1c3",
                "sha256:20cac3123d791e4bf8482a580d98d6b5969ba348b9d5364df791ba3a666b660d",
                "sha256:528ce59ded2008f9e8543e0146acb3a98a9890da00adf8904b1e18c82099418b",
                "sha256:56e392b7c738bd70e6f46cf48c8194d3d1dd4c5a59fae4b30c58bb6ef86e5233",
                "sha256:99051e03b445117b26028623f1a487112ddf61a09a27e2d25e6bc07d37d94f25",
                "sha256:768e777cc1ffdbf97c507f65975c8686ebafe0f3dc8925d02ac117acc4669ce9",
                "sha256:675e0f23967ce71067d12b6944add505d5f0a251f819cfb44bdf8ee7072c090d",
                "sha256:a958bf9d4834c72dee4f91a0476e7837b8a2966dc6fcfc42c421405f98d0da51",
                "sha256:bb370120de6d26004358611441e07acda26840e41dfedc259d7f8cc613f96495",
                "sha256:f2b1378b63bdb581d5d7af2ec0373c8d40d651941d283a2afd7fc71184b3f570",
                "sha256:a1413d06abfa942ca0553bf3bccaff5fdb36d55b84f2248e36228db871147dab",
                "sha256:7f76d406c6b998d6410198dcb82688dcdaec7d846aa87e263ccf52efdcfeba30",
                "sha256:a7157c9ac6bddd2908c35ef099e4b643bc0e0ebb4d653deb54891d29258dd329",
                "sha256:0fd65cbbfdbf76bbf80c445d923b3accefea0fe2c2082049e0ce947c81fe1d3f",
                "sha256:8c18ee4dddd5c6a811930c0a7c7947bf16387da3b394725f6063f1366311187d",
                "sha256:0739146eaf4985962f07c62f7133aca89f3a600faac891ce6c7f3a1e2afe5272",
                "sha256:07e21f14490324cc1160db101e9b6c1233c33985af4cb1d301dd02650fea1d7f",
                "sha256:e6120d63b50e2248219f53302af7ec6fa2a42ed1f37e9cda2c76dbaca65036a7",
                "sha256:6be6b0ca705321c178c9858e5ad5611af664bbdfae1df1541f938a840a103888",
                "sha256:facc6f925c3099ac01a1f03758100772560a0b020fb9d70f210404be08006bcb"
            ],
            "version": "==1.14.2"
        },
        "objectpath": {
            "hashes": [
                "sha256:1cbe571926aad4ca4f0cec29f2005367ab5b52443d46ac7525f5cbb8c9c12a3e",
                "sha256:eec876ab8b9141c890466112347b857bc26ef0b03a8dd0635808c878294ce383"
            ],
            "version": "==0.5"
        },
        "oset": {
            "hashes": [
                "sha256:4c1fd7dec96eeff9d3260995a8e37f9f415d0bdb79975f57824e68716ac8f904"
            ],
            "version": "==0.1.3"
        },
        "packaging": {
            "hashes": [
                "sha256:e9215d2d2535d3ae866c3d6efc77d5b24a0192cce0ff20e42896cc0664f889c0",
                "sha256:f019b770dd64e585a99714f1fd5e01c7a8f11b45635aa953fd41c689a657375b"
            ],
            "version": "==17.1"
        },
        "pandas": {
            "hashes": [
                "sha256:68ac484e857dcbbd07ea7c6f516cc67f7f143f5313d9bc661470e7f473528882",
                "sha256:12f2a19d0b0adf31170d98d0e8bcbc59add0965a9b0c65d39e0665400491c0c5",
                "sha256:68b121d13177f5128a4c118bb4f73ba40df28292c038389961aa55ea5a996427",
                "sha256:06efae5c00b9f4c6e6d3fe1eb52e590ff0ea8e5cb58032c724e04d31c540de53",
                "sha256:02541a4fdd31315f213a5c8e18708abad719ee03eda05f603c4fe973e9b9d770",
                "sha256:2907f3fe91ca2119ac3c38de6891bbbc83333bfe0d98309768fee28de563ee7a",
                "sha256:052a66f58783a59ea38fdfee25de083b107baa81fdbe38fabd169d0f9efce2bf",
                "sha256:244ae0b9e998cfa88452a49b20e29bf582cc7c0e69093876d505aec4f8e1c7fe",
                "sha256:66403162c8b45325a995493bdd78ad4d8be085e527d721dbfa773d56fbba9c88",
                "sha256:af0dbac881f6f87acd325415adea0ce8cccf28f5d4ad7a54b6a1e176e2f7bf70",
                "sha256:c2cd884794924687edbaad40d18ac984054d247bb877890932c4d41e3c3aba31",
                "sha256:c372db80a5bcb143c9cb254d50f902772c3b093a4f965275197ec2d2184b1e61",
                "sha256:97c8223d42d43d86ca359a57b4702ca0529c6553e83d736e93a5699951f0f8db",
                "sha256:587a9816cc663c958fcff7907c553b73fe196604f990bc98e1b71ebf07e45b44",
                "sha256:44a94091dd71f05922eec661638ec1a35f26d573c119aa2fad964f10a2880e6c"
            ],
            "version": "==0.22.0"
        },
        "parso": {
            "hashes": [
                "sha256:a7bb86fe0844304869d1c08e8bd0e52be931228483025c422917411ab82d628a",
                "sha256:5815f3fe254e5665f3c5d6f54f086c2502035cb631a91341591b5a564203cffb"
            ],
            "version": "==0.1.1"
        },
        "pexpect": {
            "hashes": [
                "sha256:6ff881b07aff0cb8ec02055670443f784434395f90c3285d2ae470f921ade52a",
                "sha256:67b85a1565968e3d5b5e7c9283caddc90c3947a2625bed1905be27bd5a03e47d"
            ],
            "markers": "sys_platform != 'win32'",
            "version": "==4.4.0"
        },
        "pickleshare": {
            "hashes": [
                "sha256:c9a2541f25aeabc070f12f452e1f2a8eae2abd51e1cd19e8430402bdf4c1d8b5",
                "sha256:84a9257227dfdd6fe1b4be1319096c20eb85ff1e82c7932f36efccfe1b09737b"
            ],
            "version": "==0.7.4"
        },
        "pluggy": {
            "hashes": [
                "sha256:7f8ae7f5bdf75671a718d2daf0a64b7885f74510bcd98b1a0bb420eb9a9d0cff"
            ],
            "version": "==0.6.0"
        },
        "prompt-toolkit": {
            "hashes": [
                "sha256:3f473ae040ddaa52b52f97f6b4a493cfa9f5920c255a12dc56a7d34397a398a4",
                "sha256:1df952620eccb399c53ebb359cc7d9a8d3a9538cb34c5a1344bdbeb29fbcc381",
                "sha256:858588f1983ca497f1cf4ffde01d978a3ea02b01c8a26a8bbc5cd2e66d816917"
            ],
            "version": "==1.0.15"
        },
        "ptyprocess": {
            "hashes": [
                "sha256:e8c43b5eee76b2083a9badde89fd1bbce6c8942d1045146e100b7b5e014f4f1a",
                "sha256:e64193f0047ad603b71f202332ab5527c5e52aa7c8b609704fc28c0dc20c4365"
            ],
            "version": "==0.5.2"
        },
        "py": {
            "hashes": [
                "sha256:8cca5c229d225f8c1e3085be4fcf306090b00850fefad892f9d96c7b6e2f310f",
                "sha256:ca18943e28235417756316bfada6cd96b23ce60dd532642690dcfdaba988a76d"
            ],
            "version": "==1.5.2"
        },
        "pybtex": {
            "hashes": [
                "sha256:af8a6c7c74954ad305553b118d2757f68bc77c5dd5d5de2cc1fd16db90046000"
            ],
            "version": "==0.21"
        },
        "pybtex-docutils": {
            "hashes": [
                "sha256:920ae9850750dd61abe00d9fd88f4a5f9099e40af0b84b2119b8b44a479115d2",
                "sha256:e4b075641c1d68a3e98a6d73ad3d029293fcf9e0773512315ef9c8482f251337"
            ],
            "version": "==0.2.1"
        },
        "pygments": {
            "hashes": [
                "sha256:78f3f434bcc5d6ee09020f92ba487f95ba50f1e3ef83ae96b9d5ffa1bab25c5d",
                "sha256:dbae1046def0efb574852fab9e90209b23f556367b5a320c0bcb871c77c3e8cc"
            ],
            "version": "==2.2.0"
        },
        "pygraphviz": {
            "hashes": [
                "sha256:7c294cbc9d88946be671cc0d8602aac176d8c56695c0a7d871eadea75a958408",
                "sha256:1aabe3efabe3691e889aec6d10ae28e7e10f3c153fa1235a4cd58b0724481fca"
            ],
            "version": "==1.3.1"
        },
        "pyjnius": {
            "hashes": [
                "sha256:1fa37e5ece0c118f47085daea7dd3b4b8b300cc1bcb5edc8feac85a582942964"
            ],
            "version": "==1.1.1"
        },
        "pyparsing": {
            "hashes": [
                "sha256:fee43f17a9c4087e7ed1605bd6df994c6173c1e977d7ade7b651292fab2bd010",
                "sha256:0832bcf47acd283788593e7a0f542407bd9550a55a8a8435214a1960e04bcb04",
                "sha256:9e8143a3e15c13713506886badd96ca4b579a87fbdf49e550dbfc057d6cb218e",
                "sha256:281683241b25fe9b80ec9d66017485f6deff1af5cde372469134b56ca8447a07",
                "sha256:b8b3117ed9bdf45e14dcc89345ce638ec7e0e29b2b579fa1ecf32ce45ebac8a5",
                "sha256:8f1e18d3fd36c6795bb7e02a39fd05c611ffc2596c1e0d995d34d67630426c18",
                "sha256:e4d45427c6e20a59bf4f88c639dcc03ce30d193112047f94012102f235853a58"
            ],
            "version": "==2.2.0"
        },
        "pysb": {
            "hashes": [
                "sha256:cbe4e0eac66bd9097554b85d1d7d2a10e3031e4a1faaddb9d222708f609c82cf"
            ],
            "version": "==1.6.0"
        },
        "pytest": {
            "hashes": [
                "sha256:062027955bccbc04d2fcd5d79690947e018ba31abe4c90b2c6721abec734261b",
                "sha256:117bad36c1a787e1a8a659df35de53ba05f9f3398fb9e4ac17e80ad5903eb8c5"
            ],
            "version": "==3.4.2"
        },
        "python-dateutil": {
            "hashes": [
                "sha256:07009062406cffd554a9b4135cd2ff167c9bf6b7aac61fe946c93e69fad1bbd8",
                "sha256:8f95bb7e6edbb2456a51a1fb58c8dca942024b4f5844cae62c90aa88afe6e300"
            ],
            "version": "==2.7.0"
        },
        "pytz": {
            "hashes": [
                "sha256:ed6509d9af298b7995d69a440e2822288f2eca1681b8cce37673dbb10091e5fe",
                "sha256:f93ddcdd6342f94cea379c73cddb5724e0d6d0a1c91c9bdef364dc0368ba4fda",
                "sha256:61242a9abc626379574a166dc0e96a66cd7c3b27fc10868003fa210be4bff1c9",
                "sha256:ba18e6a243b3625513d85239b3e49055a2f0318466e0b8a92b8fb8ca7ccdf55f",
                "sha256:07edfc3d4d2705a20a6e99d97f0c4b61c800b8232dc1c04d87e8554f130148dd",
                "sha256:3a47ff71597f821cd84a162e71593004286e5be07a340fd462f0d33a760782b5",
                "sha256:5bd55c744e6feaa4d599a6cbd8228b4f8f9ba96de2c38d56f08e534b3c9edf0d",
                "sha256:887ab5e5b32e4d0c86efddd3d055c1f363cbaa583beb8da5e22d2fa2f64d51ef",
                "sha256:410bcd1d6409026fbaa65d9ed33bf6dd8b1e94a499e32168acfc7b332e4095c0"
            ],
            "version": "==2018.3"
        },
        "pyyaml": {
            "hashes": [
                "sha256:3262c96a1ca437e7e4763e2843746588a965426550f3797a79fca9c6199c431f",
                "sha256:16b20e970597e051997d90dc2cddc713a2876c47e3d92d59ee198700c5427736",
                "sha256:e863072cdf4c72eebf179342c94e6989c67185842d9997960b3e69290b2fa269",
                "sha256:bc6bced57f826ca7cb5125a10b23fd0f2fff3b7c4701d64c439a300ce665fff8",
                "sha256:c01b880ec30b5a6e6aa67b09a2fe3fb30473008c85cd6a67359a1b15ed6d83a4",
                "sha256:827dc04b8fa7d07c44de11fabbc888e627fa8293b695e0f99cb544fdfa1bf0d1",
                "sha256:592766c6303207a20efc445587778322d7f73b161bd994f227adaa341ba212ab",
                "sha256:5f84523c076ad14ff5e6c037fe1c89a7f73a3e04cf0377cb4d017014976433f3",
                "sha256:0c507b7f74b3d2dd4d1322ec8a94794927305ab4cebbe89cc47fe5e81541e6e8",
                "sha256:b4c423ab23291d3945ac61346feeb9a0dc4184999ede5e7c43e1ffb975130ae6",
                "sha256:ca233c64c6e40eaa6c66ef97058cdc80e8d0157a443655baa1b2966e812807ca",
                "sha256:4474f8ea030b5127225b8894d626bb66c01cda098d47a2b0d3429b6700af9fd8",
                "sha256:326420cbb492172dec84b0f65c80942de6cedb5233c413dd824483989c000608",
                "sha256:5ac82e411044fb129bae5cfbeb3ba626acb2af31a8d17d175004b70862a741a7"
            ],
            "version": "==3.12"
        },
        "rdflib": {
            "hashes": [
                "sha256:eb02bd235606ef3b26e213da3e576557a6392ce103efd8c6c8ff1e08321608c8"
            ],
            "version": "==4.2.1"
        },
        "requests": {
            "hashes": [
                "sha256:6a1b267aa90cac58ac3a765d067950e7dbbf75b1da07e895d1f594193a40a38b",
                "sha256:9c443e7324ba5b85070c4a818ade28bfabedf16ea10206da1132edaa6dda237e"
            ],
            "version": "==2.18.4"
        },
        "scipy": {
            "hashes": [
                "sha256:70e6fc3f2f52c9152f05e27eb9bd8543cb862cacb71f8521a571e4ffb837f450",
                "sha256:08041e5336fcd57defcc78650b44b3df652eff3e3a801638d894e50494fb630d",
                "sha256:ff8b6637d8d2c074ed67f3d57513e62f94747c6f1210f43e60ad3d8e93a424e4",
                "sha256:5964dba6a3c0be226d44d2520de8fb4ba1501768bad57eec687d36d3f53b6254",
                "sha256:bf36f3485e7b7291c36330a93bbfd4f5e8db23bbe4ea46c37b2839fef463f4e2",
                "sha256:e3a5673c105eab802fdecb77f102d877352e201df9328698a265b7f57546b34b",
                "sha256:cd23894e1cc6eaa00e6807b6b12e4ca66d5ff092986c9c3eb01e97f24e2d6462",
                "sha256:23a7238279ae94e088396b8b05a9795ef598dc79c5cd1adb91ad1ff87c7514fd",
                "sha256:3b66d5e40152175bca75cbbfd1eb5c108c50de9ae5625923f1c4f8f51cbe2dea",
                "sha256:fa17be6c66985931d3a391f61a6ba97c902585cf26020aa3eb24604115732d22",
                "sha256:d84df0bc86bbdd49f0a6b6bad5cd62ccb02a3bfe546bf79263de44ae081bcd7b",
                "sha256:912499ddb521b7ac6287ac4ccf5f296a83d38996c2d04f43c9e62a91f7b420aa",
                "sha256:889602ead28054a15e8c26e1a6b8420d5a4fa777cfeb3ec98cfa52b9f317d153",
                "sha256:5774adb6047983489bc81edaa72cd132e665e5680f0b2cf8ea28cd3b99e65d39",
                "sha256:01c7040a83eb4e020ab729488637dcadef54cb728b035b76668ab92a72515d60",
                "sha256:046705c604c6f1d63cad3e89677c0618b7abb40ed09a4c241c671a2d8e5128a9",
                "sha256:1f58fbd59e8d9652759df0d137832ff2a325ed708c173cba20c86589d811c210",
                "sha256:424500b2fe573d30de6dea927076c01acaadb3efb3d1f40340e8cc37151ccf27",
                "sha256:97123a25216616723083942eb595f47fee18da6b637a88b803de5f078009003c",
                "sha256:a79b99b8b5af9a63312bd053bbb7bdb7710e6bbb9cc81617f9f6b9b1e49c72f8",
                "sha256:9bd193686fd837472bdb6425486cb234ed0a4db76b930c141cc8d095ab213c8d",
                "sha256:a9e479648aab5f36330da94f351ebbfe79acb4e6f5e6ac6aeddc9291eb096839",
                "sha256:87ea1f11a0e9ec08c264dc64551d501fa307289460705f6fccd84cbfc7926d10"
            ],
            "version": "==1.0.0"
        },
        "seaborn": {
            "hashes": [
                "sha256:6702978b903d0284446e935916b980dfebae4063c18ad8eb6e8f9e76d0257eae"
            ],
            "version": "==0.8.1"
        },
        "simplegeneric": {
            "hashes": [
                "sha256:dc972e06094b9af5b855b3df4a646395e43d1c9d0d39ed345b7393560d0b9173"
            ],
            "version": "==0.8.1"
        },
        "six": {
            "hashes": [
                "sha256:832dc0e10feb1aa2c68dcc57dbb658f1c7e65b9b61af69048abc87a2db00a0eb",
                "sha256:70e8a77beed4562e7f14fe23a786b54f6296e34344c23bc42f07b15018ff98e9"
            ],
            "version": "==1.11.0"
        },
        "snowballstemmer": {
            "hashes": [
                "sha256:9f3bcd3c401c3e862ec0ebe6d2c069ebc012ce142cce209c098ccb5b09136e89",
                "sha256:919f26a68b2c17a7634da993d91339e288964f93c274f1343e3bbbe2096e1128"
            ],
            "version": "==1.2.1"
        },
        "sphinx": {
            "hashes": [
                "sha256:41ae26acc6130ccf6ed47e5cca73742b80d55a134f0ab897c479bba8d3640b8e",
                "sha256:da987de5fcca21a4acc7f67a86a363039e67ac3e8827161e61b91deb131c0ee8"
            ],
            "version": "==1.7.1"
        },
        "sphinx-autodoc-typehints": {
            "hashes": [
                "sha256:92132a8698952842341aa9ffa48ca1827bdfdcf382c857f44836f251e2902f05",
                "sha256:d3b38bf4e3d12064625c6d4112e446d6093a1aeff1ece9962e2f4bbbb7fe2a90"
            ],
            "version": "==1.2.5"
        },
        "sphinxcontrib-bibtex": {
            "hashes": [
                "sha256:3fcac71981aeb49279b5e57cab6734866bbd1e82ebb397ed2cce02f023fb8a7a",
                "sha256:ec4ec071d8c81d2165c55736bfd917352ef59247d2098339fed9e0aecc1cd4d5"
            ],
            "version": "==0.3.6"
        },
        "sphinxcontrib-trio": {
            "hashes": [
                "sha256:763ff694220c9a3adfcd66598a8b6941f1e231edcdd4c1de58a4419fbf662ad8",
                "sha256:d1c3300a19a873d880ed04034121d3b2b22d3ac5dbff299fefa73cfc5908c507"
            ],
            "version": "==1.0.1"
        },
        "sphinxcontrib-websupport": {
            "hashes": [
                "sha256:f4932e95869599b89bf4f80fc3989132d83c9faa5bf633e7b5e0c25dffb75da2",
                "sha256:7a85961326aa3a400cd4ad3c816d70ed6f7c740acd7ce5d78cd0a67825072eb9"
            ],
            "version": "==1.0.1"
        },
        "sympy": {
            "hashes": [
                "sha256:ac5b57691bc43919dcc21167660a57cc51797c28a4301a6144eff07b751216a4"
            ],
            "version": "==1.1.1"
        },
        "tqdm": {
            "hashes": [
                "sha256:9bd200335ee4429381e81bd82c08d16b59a5228a11e1ae71222b31646b3533f3",
                "sha256:f1c098cd12cfb39190805d0c771198af0a734ba63b381ea99d72ea38770525c7"
            ],
            "version": "==4.19.7"
        },
        "traitlets": {
            "hashes": [
                "sha256:c6cb5e6f57c5a9bdaa40fa71ce7b4af30298fbab9ece9815b5d995ab6217c7d9",
                "sha256:9c4bd2d267b7153df9152698efb1050a5d84982d3384a37b2c1f7723ba3e7835"
            ],
            "version": "==4.3.2"
        },
        "typed-ast": {
            "hashes": [
                "sha256:0948004fa228ae071054f5208840a1e88747a357ec1101c17217bfe99b299d58",
                "sha256:25d8feefe27eb0303b73545416b13d108c6067b846b543738a25ff304824ed9a",
                "sha256:c05b41bc1deade9f90ddc5d988fe506208019ebba9f2578c622516fd201f5863",
                "sha256:519425deca5c2b2bdac49f77b2c5625781abbaf9a809d727d3a5596b30bb4ded",
                "sha256:6de012d2b166fe7a4cdf505eee3aaa12192f7ba365beeefaca4ec10e31241a85",
                "sha256:79b91ebe5a28d349b6d0d323023350133e927b4de5b651a8aa2db69c761420c6",
                "sha256:a8034021801bc0440f2e027c354b4eafd95891b573e12ff0418dec385c76785c",
                "sha256:f19f2a4f547505fe9072e15f6f4ae714af51b5a681a97f187971f50c283193b6",
                "sha256:c9b060bd1e5a26ab6e8267fd46fc9e02b54eb15fffb16d112d4c7b1c12987559",
                "sha256:2e214b72168ea0275efd6c884b114ab42e316de3ffa125b267e732ed2abda892",
                "sha256:bc978ac17468fe868ee589c795d06777f75496b1ed576d308002c8a5756fb9ea",
                "sha256:edb04bdd45bfd76c8292c4d9654568efaedf76fe78eb246dde69bdb13b2dad87",
                "sha256:668d0cec391d9aed1c6a388b0d5b97cd22e6073eaa5fbaa6d2946603b4871efe",
                "sha256:29464a177d56e4e055b5f7b629935af7f49c196be47528cc94e0a7bf83fbc2b9",
                "sha256:8550177fa5d4c1f09b5e5f524411c44633c80ec69b24e0e98906dd761941ca46",
                "sha256:3e0d5e48e3a23e9a4d1a9f698e32a542a4a288c871d33ed8df1b092a40f3a0f9",
                "sha256:68ba70684990f59497680ff90d18e756a47bf4863c604098f10de9716b2c0bdd",
                "sha256:57fe287f0cdd9ceaf69e7b71a2e94a24b5d268b35df251a88fef5cc241bf73aa"
            ],
            "version": "==1.1.0"
        },
        "urllib3": {
            "hashes": [
                "sha256:06330f386d6e4b195fbfc736b297f58c5a892e4440e54d294d7004e3a9bbea1b",
                "sha256:cc44da8e1145637334317feebd728bd869a35285b93cbb4cca2577da7e62db4f"
            ],
            "version": "==1.22"
        },
        "wcwidth": {
            "hashes": [
                "sha256:f4ebe71925af7b40a864553f761ed559b43544f8f71746c2d756c7fe788ade7c",
                "sha256:3df37372226d6e63e1b1e1eda15c594bca98a22d33a23832a90998faa96bc65e"
            ],
            "version": "==0.1.7"
        },
        "werkzeug": {
            "hashes": [
                "sha256:d5da73735293558eb1651ee2fddc4d0dedcfa06538b8813a2e20011583c9e49b",
                "sha256:c3fd7a7d41976d9f44db327260e263132466836cef6f91512889ed60ad26557c"
            ],
            "version": "==0.14.1"
        }
    },
    "develop": {
        "greenlet": {
            "hashes": [
                "sha256:50643fd6d54fd919f9a0a577c5f7b71f5d21f0959ab48767bd4bb73ae0839500",
                "sha256:c7b04a6dc74087b1598de8d713198de4718fa30ec6cbb84959b26426c198e041",
                "sha256:b6ef0cabaf5a6ecb5ac122e689d25ba12433a90c7b067b12e5f28bdb7fb78254",
                "sha256:fcfadaf4bf68a27e5dc2f42cbb2f4b4ceea9f05d1d0b8f7787e640bed2801634",
                "sha256:b417bb7ff680d43e7bd7a13e2e08956fa6acb11fd432f74c97b7664f8bdb6ec1",
                "sha256:769b740aeebd584cd59232be84fdcaf6270b8adc356596cdea5b2152c82caaac",
                "sha256:c2de19c88bdb0366c976cc125dca1002ec1b346989d59524178adfd395e62421",
                "sha256:5b49b3049697aeae17ef7bf21267e69972d9e04917658b4e788986ea5cc518e8",
                "sha256:09ef2636ea35782364c830f07127d6c7a70542b178268714a9a9ba16318e7e8b",
                "sha256:f8f2a0ae8de0b49c7b5b2daca4f150fdd9c1173e854df2cce3b04123244f9f45",
                "sha256:1b7df09c6598f5cfb40f843ade14ed1eb40596e75cd79b6fa2efc750ba01bb01",
                "sha256:75c413551a436b462d5929255b6dc9c0c3c2b25cbeaee5271a56c7fda8ca49c0",
                "sha256:58798b5d30054bb4f6cf0f712f08e6092df23a718b69000786634a265e8911a9",
                "sha256:42118bf608e0288e35304b449a2d87e2ba77d1e373e8aa221ccdea073de026fa",
                "sha256:ad2383d39f13534f3ca5c48fe1fc0975676846dc39c2cece78c0f1f9891418e0",
                "sha256:1fff21a2da5f9e03ddc5bd99131a6b8edf3d7f9d6bc29ba21784323d17806ed7",
                "sha256:0fef83d43bf87a5196c91e73cb9772f945a4caaff91242766c5916d1dd1381e4"
            ],
            "version": "==0.4.13"
        },
        "msgpack": {
            "hashes": [
                "sha256:cfd6535feb0f1cf1c7cdb25773e965cc9f92928244a8c3ef6f8f8a8e1f7ae5c4",
                "sha256:f8a57cbda46a94ed0db55b73e6ab0c15e78b4ede8690fa491a0e55128d552bb0",
                "sha256:8767eb0032732c3a0da92cbec5ac186ef89a3258c6edca09161472ca0206c45f",
                "sha256:2ff43e3247a1e11d544017bb26f580a68306cec7a6257d8818893c1fda665f42",
                "sha256:ab189a6365be1860a5ecf8159c248f12d33f79ea799ae9695fa6a29896dcf1d4",
                "sha256:e274cd4480d8c76ec467a85a9c6635bbf2258f0649040560382ab58cabb44bcf",
                "sha256:0bae5d1538c5c6a75642f75a1781f3ac2275d744a92af1a453c150da3446138b",
                "sha256:f86642d60dca13e93260187d56c2bef2487aa4d574a669e8ceefcf9f4c26fd00",
                "sha256:0ee8c8c85aa651be3aa0cd005b5931769eaa658c948ce79428766f1bd46ae2c3"
            ],
            "version": "==0.5.6"
        },
        "neovim": {
            "hashes": [
                "sha256:a3caa424141521fecc17161122705e9bdc91b8e953bdabf84240c3b8fd738c29"
            ],
            "version": "==0.2.4"
        }
    }
}
